{
  "name": "microblog",
  "version": "0.0.1",
  "lockfileVersion": 3,
  "requires": true,
  "packages": {
    "": {
      "name": "microblog",
      "version": "0.0.1",
      "license": "MIT",
      "devDependencies": {
        "lefthook": "^1.7.15"
      }
    },
    "node_modules/lefthook": {
      "version": "1.7.15",
      "resolved": "https://registry.npmjs.org/lefthook/-/lefthook-1.7.15.tgz",
      "integrity": "sha512-HW2mYkhg0a3RH2t57+ZJwacJiSIuDEhsXQAaCw6iGeN7zowdUV7g5QtnRdFdPkaK2eaNFpG6Rp0GsTrl/v0gNg==",
      "dev": true,
      "hasInstallScript": true,
      "license": "MIT",
      "bin": {
        "lefthook": "bin/index.js"
      },
      "optionalDependencies": {
        "lefthook-darwin-arm64": "1.7.15",
        "lefthook-darwin-x64": "1.7.15",
        "lefthook-freebsd-arm64": "1.7.15",
        "lefthook-freebsd-x64": "1.7.15",
        "lefthook-linux-arm64": "1.7.15",
        "lefthook-linux-x64": "1.7.15",
        "lefthook-openbsd-arm64": "1.7.15",
        "lefthook-openbsd-x64": "1.7.15",
        "lefthook-windows-arm64": "1.7.15",
        "lefthook-windows-x64": "1.7.15"
      }
    },
    "node_modules/lefthook-darwin-arm64": {
      "version": "1.7.15",
      "resolved": "https://registry.npmjs.org/lefthook-darwin-arm64/-/lefthook-darwin-arm64-1.7.15.tgz",
      "integrity": "sha512-o8JgCnLM7UgF9g0MwarHJFoj6aVSSkUInHpsQZegV1c7CVQY/LIXgSeAWRb9XBvuUjByJ/HiHFMp9/hAALTwxQ==",
      "cpu": [
        "arm64"
      ],
      "dev": true,
      "license": "MIT",
      "optional": true,
      "os": [
        "darwin"
      ]
    },
    "node_modules/lefthook-darwin-x64": {
      "version": "1.7.15",
      "resolved": "https://registry.npmjs.org/lefthook-darwin-x64/-/lefthook-darwin-x64-1.7.15.tgz",
      "integrity": "sha512-nrdoex0icmXYl7AAvG7WtfEzjQtX/kWvM88jPu/gijH6VhAjp110Y8VScB7rWOcApb5kNNeqd1nKMAFgZ8KhAg==",
      "cpu": [
        "x64"
      ],
      "dev": true,
      "license": "MIT",
      "optional": true,
      "os": [
        "darwin"
      ]
    },
    "node_modules/lefthook-freebsd-arm64": {
      "version": "1.7.15",
      "resolved": "https://registry.npmjs.org/lefthook-freebsd-arm64/-/lefthook-freebsd-arm64-1.7.15.tgz",
      "integrity": "sha512-zl1TPynklJZZ/YsWb2H0gfErQbey318i2W85wIKGEk8kC2UzOgYTuPffnfi7kANei9ntZnhvGgilc6tqYOPuGQ==",
      "cpu": [
        "arm64"
      ],
      "dev": true,
      "license": "MIT",
      "optional": true,
      "os": [
        "freebsd"
      ]
    },
    "node_modules/lefthook-freebsd-x64": {
      "version": "1.7.15",
      "resolved": "https://registry.npmjs.org/lefthook-freebsd-x64/-/lefthook-freebsd-x64-1.7.15.tgz",
      "integrity": "sha512-/gKPwhWhZ3Q/efGs73/qw6nyR4WCT74oSTgn8wabAJO5+T/2FXTKzo7IiKkQmScmY5OcnD/0teJbJZ17VWSSOg==",
      "cpu": [
        "x64"
      ],
      "dev": true,
      "license": "MIT",
      "optional": true,
      "os": [
        "freebsd"
      ]
    },
    "node_modules/lefthook-linux-arm64": {
      "version": "1.7.15",
      "resolved": "https://registry.npmjs.org/lefthook-linux-arm64/-/lefthook-linux-arm64-1.7.15.tgz",
      "integrity": "sha512-re2f8WmYw19n8ojit0rnKbERAzD1/iCpU/Y8anXOjD/ROw/cpSfO88uKQrUCNY9Rp4XLtkkp9oDJs3Eg7JS7vA==",
      "cpu": [
        "arm64"
      ],
      "dev": true,
      "license": "MIT",
      "optional": true,
      "os": [
        "linux"
      ]
    },
    "node_modules/lefthook-linux-x64": {
      "version": "1.7.15",
      "resolved": "https://registry.npmjs.org/lefthook-linux-x64/-/lefthook-linux-x64-1.7.15.tgz",
      "integrity": "sha512-Kj6ieTlhFGlbPDyVFeOb296MS9x/Jj5y/xTPLBM+EKbdsTJSvUYu5FdtEWfhpLyWmPfkZtULHcTQE1hoo9Q4Cg==",
      "cpu": [
        "x64"
      ],
      "dev": true,
      "license": "MIT",
      "optional": true,
      "os": [
        "linux"
      ]
    },
    "node_modules/lefthook-openbsd-arm64": {
      "version": "1.7.15",
      "resolved": "https://registry.npmjs.org/lefthook-openbsd-arm64/-/lefthook-openbsd-arm64-1.7.15.tgz",
      "integrity": "sha512-85amE23mJ4BC9OThLkt+QCeVwue2Cr0ezN9LSwP0h8+royyj7YRcSu0VM/Et3B9LO50T2bpdI9norOqTcPZ9yA==",
      "cpu": [
        "arm64"
      ],
      "dev": true,
      "license": "MIT",
      "optional": true,
      "os": [
        "openbsd"
      ]
    },
    "node_modules/lefthook-openbsd-x64": {
      "version": "1.7.15",
      "resolved": "https://registry.npmjs.org/lefthook-openbsd-x64/-/lefthook-openbsd-x64-1.7.15.tgz",
      "integrity": "sha512-vXx/PpcalFgdvqkoHLI4KTGZp0ti+VCCL7RqDTA6n+GZpxPTWEXSOz3GuwNALX93Dn6MOYQYktKtXADwy24fcA==",
      "cpu": [
        "x64"
      ],
      "dev": true,
      "license": "MIT",
      "optional": true,
      "os": [
        "openbsd"
      ]
    },
    "node_modules/lefthook-windows-arm64": {
      "version": "1.7.15",
      "resolved": "https://registry.npmjs.org/lefthook-windows-arm64/-/lefthook-windows-arm64-1.7.15.tgz",
      "integrity": "sha512-jPKdQOLWQLRPO3VfI3ptpmdQBBsXTwaCLKXMo/gcSyU0xE/ltPD4QqvHzTAFJo00VcKRHjv9QeH69qhENjJtjw==",
      "cpu": [
        "arm64"
      ],
      "dev": true,
      "license": "MIT",
      "optional": true,
      "os": [
        "win32"
      ]
    },
    "node_modules/lefthook-windows-x64": {
      "version": "1.7.15",
      "resolved": "https://registry.npmjs.org/lefthook-windows-x64/-/lefthook-windows-x64-1.7.15.tgz",
      "integrity": "sha512-tlkSU669+b64AsqytGy1W3au7h8kFjt5ejLhTkErJpylTqThZIHm/GI0wUmpX+ud8kekM+9j407dweAHYOQ1XA==",
      "cpu": [
        "x64"
      ],
      "dev": true,
      "license": "MIT",
      "optional": true,
      "os": [
        "win32"
      ]
    }
  }
}
