{
	"name": "microblog",
	"version": "0.0.1",
	"lockfileVersion": 3,
	"requires": true,
	"packages": {
		"": {
			"name": "microblog",
			"version": "0.0.1",
			"license": "MIT",
			"devDependencies": {
				"lefthook": "^1.6.16"
			}
		},
		"node_modules/lefthook": {
			"version": "1.6.16",
			"dev": true,
			"hasInstallScript": true,
			"license": "MIT",
			"bin": {
				"lefthook": "bin/index.js"
			},
			"optionalDependencies": {
				"lefthook-darwin-arm64": "1.6.16",
				"lefthook-darwin-x64": "1.6.16",
				"lefthook-freebsd-arm64": "1.6.16",
				"lefthook-freebsd-x64": "1.6.16",
				"lefthook-linux-arm64": "1.6.16",
				"lefthook-linux-x64": "1.6.16",
				"lefthook-windows-arm64": "1.6.16",
				"lefthook-windows-x64": "1.6.16"
			}
		},
		"node_modules/lefthook-linux-x64": {
			"version": "1.6.16",
			"cpu": [
				"x64"
			],
			"dev": true,
			"license": "MIT",
			"optional": true,
			"os": [
				"linux"
			]
		}
	}
}
