{
	"name": "microblog",
	"version": "0.0.1",
	"lockfileVersion": 3,
	"requires": true,
	"packages": {
		"": {
			"name": "microblog",
			"version": "0.0.1",
			"license": "MIT",
			"devDependencies": {
				"lefthook": "^1.6.16"
			}
		},
		"node_modules/lefthook": {
			"version": "1.6.18",
			"resolved": "https://registry.npmjs.org/lefthook/-/lefthook-1.6.18.tgz",
			"integrity": "sha512-Ftr/NkU1P1EsEyphsCqCX7lesGZA+QDXyUx4dS1RlSKB72xKtGW9VPjbGLK2kSQkONG5M+XYfbJkGA/r9NLTYQ==",
			"dev": true,
			"hasInstallScript": true,
			"bin": {
				"lefthook": "bin/index.js"
			},
			"optionalDependencies": {
				"lefthook-darwin-arm64": "1.6.18",
				"lefthook-darwin-x64": "1.6.18",
				"lefthook-freebsd-arm64": "1.6.18",
				"lefthook-freebsd-x64": "1.6.18",
				"lefthook-linux-arm64": "1.6.18",
				"lefthook-linux-x64": "1.6.18",
				"lefthook-windows-arm64": "1.6.18",
				"lefthook-windows-x64": "1.6.18"
			}
		},
		"node_modules/lefthook-darwin-arm64": {
			"version": "1.6.18",
			"resolved": "https://registry.npmjs.org/lefthook-darwin-arm64/-/lefthook-darwin-arm64-1.6.18.tgz",
			"integrity": "sha512-AkpsTeO7aLZIIy6CKQ7Chx8RltE8a9uItbwQWoeaCkIdzpV8TFjq7/Pw4F5CkoJ2315sHtB8k+VFkgipQMBw1w==",
			"cpu": [
				"arm64"
			],
			"dev": true,
			"optional": true,
			"os": [
				"darwin"
			]
		},
		"node_modules/lefthook-darwin-x64": {
			"version": "1.6.18",
			"resolved": "https://registry.npmjs.org/lefthook-darwin-x64/-/lefthook-darwin-x64-1.6.18.tgz",
			"integrity": "sha512-qwKa+PaNIYjZ2PVrRRLq+HjNjQsjEItXN21byvSD89r7EYCULsIC8aW4H6aniOP2A6X1DIZ+djpg+3hNJ/94NA==",
			"cpu": [
				"x64"
			],
			"dev": true,
			"optional": true,
			"os": [
				"darwin"
			]
		},
		"node_modules/lefthook-freebsd-arm64": {
			"version": "1.6.18",
			"resolved": "https://registry.npmjs.org/lefthook-freebsd-arm64/-/lefthook-freebsd-arm64-1.6.18.tgz",
			"integrity": "sha512-UIOzQ+okwB7Ah9p8sNqomOiU6cPfmJnyW3HDPutRsdoHRD8udIap9d+ja4Kg4m/PkoYtkcLO78omANqAgA5wxQ==",
			"cpu": [
				"arm64"
			],
			"dev": true,
			"optional": true,
			"os": [
				"freebsd"
			]
		},
		"node_modules/lefthook-freebsd-x64": {
			"version": "1.6.18",
			"resolved": "https://registry.npmjs.org/lefthook-freebsd-x64/-/lefthook-freebsd-x64-1.6.18.tgz",
			"integrity": "sha512-UQANUgyNpaAh0+2/PjPFiJ7yd6aF15yyJxKZCXyna5cQF7VU8pSHu5tiDDquNpjToXOg+6TmiIAJKyfrrwTF3w==",
			"cpu": [
				"x64"
			],
			"dev": true,
			"optional": true,
			"os": [
				"freebsd"
			]
		},
		"node_modules/lefthook-linux-arm64": {
			"version": "1.6.18",
			"resolved": "https://registry.npmjs.org/lefthook-linux-arm64/-/lefthook-linux-arm64-1.6.18.tgz",
			"integrity": "sha512-4erletIa2HKUgY17/1ROvndAj6xn/9wkqO2GhBT3C0vFwIv6ycy5wpFzXOwKRZpFYv7UacN7iXhAZSK+vSOZZg==",
			"cpu": [
				"arm64"
			],
			"dev": true,
			"optional": true,
			"os": [
				"linux"
			]
		},
		"node_modules/lefthook-linux-x64": {
			"version": "1.6.18",
			"resolved": "https://registry.npmjs.org/lefthook-linux-x64/-/lefthook-linux-x64-1.6.18.tgz",
			"integrity": "sha512-l5SRqYMYygw9RjZncEg8uh29wShYN8kiYr53sp74DkntrlCttqWhLILBUlIr3fxH5s0ZyrmqUEjtMBryMk7b/g==",
			"cpu": [
				"x64"
			],
			"dev": true,
			"optional": true,
			"os": [
				"linux"
			]
		},
		"node_modules/lefthook-windows-arm64": {
			"version": "1.6.18",
			"resolved": "https://registry.npmjs.org/lefthook-windows-arm64/-/lefthook-windows-arm64-1.6.18.tgz",
			"integrity": "sha512-jeNBRoya3+mOEsKyT4wXf29Kng1nkJD7Uv/dqGBszoGMktGVNUFdIjWoxx6HSfhUssucs5pKRZpXSMgK/KCP+Q==",
			"cpu": [
				"arm64"
			],
			"dev": true,
			"optional": true,
			"os": [
				"win32"
			]
		},
		"node_modules/lefthook-windows-x64": {
			"version": "1.6.18",
			"resolved": "https://registry.npmjs.org/lefthook-windows-x64/-/lefthook-windows-x64-1.6.18.tgz",
			"integrity": "sha512-iEG8PbFOwMqlpAgCiqzANTxutERjwlwMx6WF6HDGEYwFJSCJsvi06TehDxaPIFbhmLLYYlbVrfSBlttWGoN0dg==",
			"cpu": [
				"x64"
			],
			"dev": true,
			"optional": true,
			"os": [
				"win32"
			]
		}
	}
}
